
Microsoft Visual Studio Solution File, Format Version 12.00
# Visual Studio Version 17
VisualStudioVersion = 17.2.32616.157
MinimumVisualStudioVersion = 10.0.40219.1
Project("{FAE04EC0-301F-11D3-BF4B-00C04F79EFBC}") = "calculadora-yan", "calculadora-yan.csproj", "{8E7450FC-82D8-4354-8ACC-41CED10F8297}"
EndProject
Global
	GlobalSection(SolutionConfigurationPlatforms) = preSolution
		Debug|Any CPU = Debug|Any CPU
		Release|Any CPU = Release|Any CPU
	EndGlobalSection
	GlobalSection(ProjectConfigurationPlatforms) = postSolution
		{8E7450FC-82D8-4354-8ACC-41CED10F8297}.Debug|Any CPU.ActiveCfg = Debug|Any CPU
		{8E7450FC-82D8-4354-8ACC-41CED10F8297}.Debug|Any CPU.Build.0 = Debug|Any CPU
		{8E7450FC-82D8-4354-8ACC-41CED10F8297}.Release|Any CPU.ActiveCfg = Release|Any CPU
		{8E7450FC-82D8-4354-8ACC-41CED10F8297}.Release|Any CPU.Build.0 = Release|Any CPU
	EndGlobalSection
	GlobalSection(SolutionProperties) = preSolution
		HideSolutionNode = FALSE
	EndGlobalSection
	GlobalSection(ExtensibilityGlobals) = postSolution
		SolutionGuid = {F074FA7D-4682-46F1-9E74-FC3529E9DE57}
	EndGlobalSection
EndGlobal
